
Microsoft Visual Studio Solution File, Format Version 12.00
# Visual Studio Version 17
VisualStudioVersion = 17.5.002.0
MinimumVisualStudioVersion = 10.0.40219.1
Project("{9A19103F-16F7-4668-BE54-9A1E7A4F7556}") = "TaskManager", "TaskManager.csproj", "{C9304B8C-1C4D-4284-BB51-D962263AA0BC}"
EndProject
Global
	GlobalSection(SolutionConfigurationPlatforms) = preSolution
		Debug|Any CPU = Debug|Any CPU
		Release|Any CPU = Release|Any CPU
	EndGlobalSection
	GlobalSection(ProjectConfigurationPlatforms) = postSolution
		{C9304B8C-1C4D-4284-BB51-D962263AA0BC}.Debug|Any CPU.ActiveCfg = Debug|Any CPU
		{C9304B8C-1C4D-4284-BB51-D962263AA0BC}.Debug|Any CPU.Build.0 = Debug|Any CPU
		{C9304B8C-1C4D-4284-BB51-D962263AA0BC}.Release|Any CPU.ActiveCfg = Release|Any CPU
		{C9304B8C-1C4D-4284-BB51-D962263AA0BC}.Release|Any CPU.Build.0 = Release|Any CPU
	EndGlobalSection
	GlobalSection(SolutionProperties) = preSolution
		HideSolutionNode = FALSE
	EndGlobalSection
	GlobalSection(ExtensibilityGlobals) = postSolution
		SolutionGuid = {D3540BE1-22F7-40C7-AE5C-E02C6A2F65E8}
	EndGlobalSection
EndGlobal
